
Microsoft Visual Studio Solution File, Format Version 12.00
# Visual Studio Version 17
VisualStudioVersion = 17.0.31912.275
MinimumVisualStudioVersion = 10.0.40219.1
Project("{8BC9CEB8-8B4A-11D0-8D11-00A0C91BC942}") = "RGOTools", "RGOTools\RGOTools.vcxproj", "{FC45F8C4-34F2-47B9-8838-5F22EF7AC26F}"
EndProject
Global
	GlobalSection(SolutionConfigurationPlatforms) = preSolution
		Debug|x64 = Debug|x64
		Debug|x86 = Debug|x86
		Release|x64 = Release|x64
		Release|x86 = Release|x86
	EndGlobalSection
	GlobalSection(ProjectConfigurationPlatforms) = postSolution
		{FC45F8C4-34F2-47B9-8838-5F22EF7AC26F}.Debug|x64.ActiveCfg = Debug|x64
		{FC45F8C4-34F2-47B9-8838-5F22EF7AC26F}.Debug|x64.Build.0 = Debug|x64
		{FC45F8C4-34F2-47B9-8838-5F22EF7AC26F}.Debug|x86.ActiveCfg = Debug|Win32
		{FC45F8C4-34F2-47B9-8838-5F22EF7AC26F}.Debug|x86.Build.0 = Debug|Win32
		{FC45F8C4-34F2-47B9-8838-5F22EF7AC26F}.Release|x64.ActiveCfg = Release|x64
		{FC45F8C4-34F2-47B9-8838-5F22EF7AC26F}.Release|x64.Build.0 = Release|x64
		{FC45F8C4-34F2-47B9-8838-5F22EF7AC26F}.Release|x86.ActiveCfg = Release|Win32
		{FC45F8C4-34F2-47B9-8838-5F22EF7AC26F}.Release|x86.Build.0 = Release|Win32
	EndGlobalSection
	GlobalSection(SolutionProperties) = preSolution
		HideSolutionNode = FALSE
	EndGlobalSection
	GlobalSection(ExtensibilityGlobals) = postSolution
		SolutionGuid = {2F292986-4E48-4638-858B-20AAAD802B74}
	EndGlobalSection
EndGlobal
